
Microsoft Visual Studio Solution File, Format Version 12.00
# Visual Studio Version 16
VisualStudioVersion = 16.0.31410.357
MinimumVisualStudioVersion = 10.0.40219.1
Project("{FAE04EC0-301F-11D3-BF4B-00C04F79EFBC}") = "TestTask", "TestTask\TestTask.csproj", "{1E88AB44-D283-4A3C-A705-BD3C6577377D}"
EndProject
Global
	GlobalSection(SolutionConfigurationPlatforms) = preSolution
		Debug|Any CPU = Debug|Any CPU
		Release|Any CPU = Release|Any CPU
	EndGlobalSection
	GlobalSection(ProjectConfigurationPlatforms) = postSolution
		{1E88AB44-D283-4A3C-A705-BD3C6577377D}.Debug|Any CPU.ActiveCfg = Debug|Any CPU
		{1E88AB44-D283-4A3C-A705-BD3C6577377D}.Debug|Any CPU.Build.0 = Debug|Any CPU
		{1E88AB44-D283-4A3C-A705-BD3C6577377D}.Release|Any CPU.ActiveCfg = Release|Any CPU
		{1E88AB44-D283-4A3C-A705-BD3C6577377D}.Release|Any CPU.Build.0 = Release|Any CPU
	EndGlobalSection
	GlobalSection(SolutionProperties) = preSolution
		HideSolutionNode = FALSE
	EndGlobalSection
	GlobalSection(ExtensibilityGlobals) = postSolution
		SolutionGuid = {9CBAA179-0BDC-4A70-974A-940F2BA5EDA6}
	EndGlobalSection
EndGlobal
